PODS:
  - AVOSCloud (1.3.2)
  - AVOSCloudUI (1.3.2)
  - FlipBoardNavigationController (1.0)
  - PSTCollectionView (1.1.0)
  - SwipeView (1.2.10)

DEPENDENCIES:
  - AVOSCloud (~> 1.3.2)
  - AVOSCloudUI (~> 1.3.2)
  - FlipBoardNavigationController (~> 1.0)
  - PSTCollectionView (~> 1.1.0)
  - SwipeView (~> 1.2.10)

SPEC CHECKSUMS:
  AVOSCloud: c91e01689cf313ef29e562154978df04ad3df3b1
  AVOSCloudUI: 898e6ed4d57b3891ba89a3e06c9003d083c59913
  FlipBoardNavigationController: e26bd79192242a2dc402f9acd736ecc4c9f4dd08
  PSTCollectionView: af42b0fb111200a1b87a04aee96181725977f19b
  SwipeView: 0218f1fe1a271a610279815101b808a054fe631a

COCOAPODS: 0.23.0
